
Microsoft Visual Studio Solution File, Format Version 12.00
# Visual Studio Version 16
VisualStudioVersion = 16.0.31205.134
MinimumVisualStudioVersion = 10.0.40219.1
Project("{FAE04EC0-301F-11D3-BF4B-00C04F79EFBC}") = "Miller_CashFlowManager", "Miller_CashFlowManager\Miller_CashFlowManager.csproj", "{BAD2C6CB-65A7-433F-A497-803E3AD71B3E}"
EndProject
Global
	GlobalSection(SolutionConfigurationPlatforms) = preSolution
		Debug|Any CPU = Debug|Any CPU
		Release|Any CPU = Release|Any CPU
	EndGlobalSection
	GlobalSection(ProjectConfigurationPlatforms) = postSolution
		{BAD2C6CB-65A7-433F-A497-803E3AD71B3E}.Debug|Any CPU.ActiveCfg = Debug|Any CPU
		{BAD2C6CB-65A7-433F-A497-803E3AD71B3E}.Debug|Any CPU.Build.0 = Debug|Any CPU
		{BAD2C6CB-65A7-433F-A497-803E3AD71B3E}.Release|Any CPU.ActiveCfg = Release|Any CPU
		{BAD2C6CB-65A7-433F-A497-803E3AD71B3E}.Release|Any CPU.Build.0 = Release|Any CPU
	EndGlobalSection
	GlobalSection(SolutionProperties) = preSolution
		HideSolutionNode = FALSE
	EndGlobalSection
	GlobalSection(ExtensibilityGlobals) = postSolution
		SolutionGuid = {78852360-2E1C-4095-ACC0-5DDDE2B98AC2}
	EndGlobalSection
EndGlobal
